
Microsoft Visual Studio Solution File, Format Version 12.00
# Visual Studio Version 17
VisualStudioVersion = 17.3.32819.101
MinimumVisualStudioVersion = 10.0.40219.1
Project("{FAE04EC0-301F-11D3-BF4B-00C04F79EFBC}") = "PZ_1", "3pk2_Loginov\PZ_1.csproj", "{DBEDCF40-FE74-4064-A3CB-3C8461DADF70}"
EndProject
Global
	GlobalSection(SolutionConfigurationPlatforms) = preSolution
		Debug|Any CPU = Debug|Any CPU
		Release|Any CPU = Release|Any CPU
	EndGlobalSection
	GlobalSection(ProjectConfigurationPlatforms) = postSolution
		{DBEDCF40-FE74-4064-A3CB-3C8461DADF70}.Debug|Any CPU.ActiveCfg = Debug|Any CPU
		{DBEDCF40-FE74-4064-A3CB-3C8461DADF70}.Debug|Any CPU.Build.0 = Debug|Any CPU
		{DBEDCF40-FE74-4064-A3CB-3C8461DADF70}.Release|Any CPU.ActiveCfg = Release|Any CPU
		{DBEDCF40-FE74-4064-A3CB-3C8461DADF70}.Release|Any CPU.Build.0 = Release|Any CPU
	EndGlobalSection
	GlobalSection(SolutionProperties) = preSolution
		HideSolutionNode = FALSE
	EndGlobalSection
	GlobalSection(ExtensibilityGlobals) = postSolution
		SolutionGuid = {69502D21-9D2A-4C2D-9C7A-68CE46AA04A9}
	EndGlobalSection
EndGlobal
