
Microsoft Visual Studio Solution File, Format Version 12.00
# Visual Studio Version 17
VisualStudioVersion = 17.3.32819.101
MinimumVisualStudioVersion = 10.0.40219.1
Project("{9A19103F-16F7-4668-BE54-9A1E7A4F7556}") = "PZ_1", "3pk2_Loginov\PZ_1.csproj", "{DBEDCF40-FE74-4064-A3CB-3C8461DADF70}"
EndProject
Project("{9A19103F-16F7-4668-BE54-9A1E7A4F7556}") = "PZ_2", "PZ_2\PZ_2.csproj", "{E113D169-2605-4D53-A3BA-3625FE948E1F}"
EndProject
Project("{9A19103F-16F7-4668-BE54-9A1E7A4F7556}") = "Deikstra", "Deikstra\Deikstra.csproj", "{9A849B06-E21D-4C81-845F-D9861329BEBC}"
EndProject
Project("{9A19103F-16F7-4668-BE54-9A1E7A4F7556}") = "PZ_3", "PZ_3\PZ_3.csproj", "{CA5FEDDD-4520-4BC3-AF87-E9BBE8A8EDFA}"
EndProject
Project("{9A19103F-16F7-4668-BE54-9A1E7A4F7556}") = "PZ_4", "PZ_4\PZ_4.csproj", "{DA39CD2D-D87D-42C5-81E8-AC5830902BC2}"
EndProject
Project("{FAE04EC0-301F-11D3-BF4B-00C04F79EFBC}") = "PZ_6", "PZ_6\PZ_6.csproj", "{73EA9396-E626-43C0-B09F-7CB54121CAE6}"
EndProject
Project("{9A19103F-16F7-4668-BE54-9A1E7A4F7556}") = "PZ_5", "PZ_5\PZ_5.csproj", "{BD7E196A-5508-4ABF-A385-5B6E6115F0C6}"
EndProject
Project("{9A19103F-16F7-4668-BE54-9A1E7A4F7556}") = "PZ_7", "PZ_7\PZ_7.csproj", "{6CF81FBA-303C-4D38-9D8C-F4E4712C7CDB}"
EndProject
Project("{FAE04EC0-301F-11D3-BF4B-00C04F79EFBC}") = "PZ_10", "PZ_10\PZ_10.csproj", "{9504DF94-C79D-4AFE-84DB-9EFB9CD784E3}"
EndProject
Global
	GlobalSection(SolutionConfigurationPlatforms) = preSolution
		Debug|Any CPU = Debug|Any CPU
		Release|Any CPU = Release|Any CPU
	EndGlobalSection
	GlobalSection(ProjectConfigurationPlatforms) = postSolution
		{DBEDCF40-FE74-4064-A3CB-3C8461DADF70}.Debug|Any CPU.ActiveCfg = Debug|Any CPU
		{DBEDCF40-FE74-4064-A3CB-3C8461DADF70}.Debug|Any CPU.Build.0 = Debug|Any CPU
		{DBEDCF40-FE74-4064-A3CB-3C8461DADF70}.Release|Any CPU.ActiveCfg = Release|Any CPU
		{DBEDCF40-FE74-4064-A3CB-3C8461DADF70}.Release|Any CPU.Build.0 = Release|Any CPU
		{E113D169-2605-4D53-A3BA-3625FE948E1F}.Debug|Any CPU.ActiveCfg = Debug|Any CPU
		{E113D169-2605-4D53-A3BA-3625FE948E1F}.Debug|Any CPU.Build.0 = Debug|Any CPU
		{E113D169-2605-4D53-A3BA-3625FE948E1F}.Release|Any CPU.ActiveCfg = Release|Any CPU
		{E113D169-2605-4D53-A3BA-3625FE948E1F}.Release|Any CPU.Build.0 = Release|Any CPU
		{9A849B06-E21D-4C81-845F-D9861329BEBC}.Debug|Any CPU.ActiveCfg = Debug|Any CPU
		{9A849B06-E21D-4C81-845F-D9861329BEBC}.Debug|Any CPU.Build.0 = Debug|Any CPU
		{9A849B06-E21D-4C81-845F-D9861329BEBC}.Release|Any CPU.ActiveCfg = Release|Any CPU
		{9A849B06-E21D-4C81-845F-D9861329BEBC}.Release|Any CPU.Build.0 = Release|Any CPU
		{CA5FEDDD-4520-4BC3-AF87-E9BBE8A8EDFA}.Debug|Any CPU.ActiveCfg = Debug|Any CPU
		{CA5FEDDD-4520-4BC3-AF87-E9BBE8A8EDFA}.Debug|Any CPU.Build.0 = Debug|Any CPU
		{CA5FEDDD-4520-4BC3-AF87-E9BBE8A8EDFA}.Release|Any CPU.ActiveCfg = Release|Any CPU
		{CA5FEDDD-4520-4BC3-AF87-E9BBE8A8EDFA}.Release|Any CPU.Build.0 = Release|Any CPU
		{DA39CD2D-D87D-42C5-81E8-AC5830902BC2}.Debug|Any CPU.ActiveCfg = Debug|Any CPU
		{DA39CD2D-D87D-42C5-81E8-AC5830902BC2}.Debug|Any CPU.Build.0 = Debug|Any CPU
		{DA39CD2D-D87D-42C5-81E8-AC5830902BC2}.Release|Any CPU.ActiveCfg = Release|Any CPU
		{DA39CD2D-D87D-42C5-81E8-AC5830902BC2}.Release|Any CPU.Build.0 = Release|Any CPU
		{73EA9396-E626-43C0-B09F-7CB54121CAE6}.Debug|Any CPU.ActiveCfg = Debug|Any CPU
		{73EA9396-E626-43C0-B09F-7CB54121CAE6}.Debug|Any CPU.Build.0 = Debug|Any CPU
		{73EA9396-E626-43C0-B09F-7CB54121CAE6}.Release|Any CPU.ActiveCfg = Release|Any CPU
		{73EA9396-E626-43C0-B09F-7CB54121CAE6}.Release|Any CPU.Build.0 = Release|Any CPU
		{BD7E196A-5508-4ABF-A385-5B6E6115F0C6}.Debug|Any CPU.ActiveCfg = Debug|Any CPU
		{BD7E196A-5508-4ABF-A385-5B6E6115F0C6}.Debug|Any CPU.Build.0 = Debug|Any CPU
		{BD7E196A-5508-4ABF-A385-5B6E6115F0C6}.Release|Any CPU.ActiveCfg = Release|Any CPU
		{BD7E196A-5508-4ABF-A385-5B6E6115F0C6}.Release|Any CPU.Build.0 = Release|Any CPU
		{6CF81FBA-303C-4D38-9D8C-F4E4712C7CDB}.Debug|Any CPU.ActiveCfg = Debug|Any CPU
		{6CF81FBA-303C-4D38-9D8C-F4E4712C7CDB}.Debug|Any CPU.Build.0 = Debug|Any CPU
		{6CF81FBA-303C-4D38-9D8C-F4E4712C7CDB}.Release|Any CPU.ActiveCfg = Release|Any CPU
		{6CF81FBA-303C-4D38-9D8C-F4E4712C7CDB}.Release|Any CPU.Build.0 = Release|Any CPU
		{9504DF94-C79D-4AFE-84DB-9EFB9CD784E3}.Debug|Any CPU.ActiveCfg = Debug|Any CPU
		{9504DF94-C79D-4AFE-84DB-9EFB9CD784E3}.Debug|Any CPU.Build.0 = Debug|Any CPU
		{9504DF94-C79D-4AFE-84DB-9EFB9CD784E3}.Release|Any CPU.ActiveCfg = Release|Any CPU
		{9504DF94-C79D-4AFE-84DB-9EFB9CD784E3}.Release|Any CPU.Build.0 = Release|Any CPU
	EndGlobalSection
	GlobalSection(SolutionProperties) = preSolution
		HideSolutionNode = FALSE
	EndGlobalSection
	GlobalSection(ExtensibilityGlobals) = postSolution
		SolutionGuid = {69502D21-9D2A-4C2D-9C7A-68CE46AA04A9}
	EndGlobalSection
EndGlobal
